// !$*UTF8*$!
{
	archiveVersion = 1;
	classes = {
	};
	objectVersion = 56;
	objects = {

/* Begin PBXBuildFile section */
		523C5D9F2A7817E900CCB5B2 /* SpaceTestApp.swift in Sources */ = {isa = PBXBuildFile; fileRef = 523C5D9E2A7817E900CCB5B2 /* SpaceTestApp.swift */; };
		523C5DA12A7817E900CCB5B2 /* ContentView.swift in Sources */ = {isa = PBXBuildFile; fileRef = 523C5DA02A7817E900CCB5B2 /* ContentView.swift */; };
		523C5DA32A7817EA00CCB5B2 /* Assets.xcassets in Resources */ = {isa = PBXBuildFile; fileRef = 523C5DA22A7817EA00CCB5B2 /* Assets.xcassets */; };
		523C5DA62A7817EA00CCB5B2 /* Preview Assets.xcassets in Resources */ = {isa = PBXBuildFile; fileRef = 523C5DA52A7817EA00CCB5B2 /* Preview Assets.xcassets */; };
		523C5DAD2A78182000CCB5B2 /* SpacePhoto.swift in Sources */ = {isa = PBXBuildFile; fileRef = 523C5DAC2A78182000CCB5B2 /* SpacePhoto.swift */; };
		523C5DB02A78189700CCB5B2 /* Photos.swift in Sources */ = {isa = PBXBuildFile; fileRef = 523C5DAF2A78189700CCB5B2 /* Photos.swift */; };
		523C5DB52A7818EB00CCB5B2 /* PhotoView.swift in Sources */ = {isa = PBXBuildFile; fileRef = 523C5DB42A7818EB00CCB5B2 /* PhotoView.swift */; };
		523C5DB72A7819EB00CCB5B2 /* CatalogView.swift in Sources */ = {isa = PBXBuildFile; fileRef = 523C5DB62A7819EB00CCB5B2 /* CatalogView.swift */; };
		523C5DB92A781D4200CCB5B2 /* AstronomyPicOfTheDay.plist in Resources */ = {isa = PBXBuildFile; fileRef = 523C5DB82A781D4200CCB5B2 /* AstronomyPicOfTheDay.plist */; };
		523C5DBB2A781FD700CCB5B2 /* SpacePhotoFetcher.swift in Sources */ = {isa = PBXBuildFile; fileRef = 523C5DBA2A781FD700CCB5B2 /* SpacePhotoFetcher.swift */; };
		523C5DBD2A7820DC00CCB5B2 /* AstronomyURL.swift in Sources */ = {isa = PBXBuildFile; fileRef = 523C5DBC2A7820DC00CCB5B2 /* AstronomyURL.swift */; };
		523C5DC52A78256900CCB5B2 /* SpaceTestTests.swift in Sources */ = {isa = PBXBuildFile; fileRef = 523C5DC42A78256900CCB5B2 /* SpaceTestTests.swift */; };
		523C5DCC2A782B3400CCB5B2 /* AstronomyPicOfTheDay.swift in Sources */ = {isa = PBXBuildFile; fileRef = 523C5DCB2A782B3400CCB5B2 /* AstronomyPicOfTheDay.swift */; };
		523C5DCE2A79788600CCB5B2 /* AsyncPhotoOfTheDaySequence.swift in Sources */ = {isa = PBXBuildFile; fileRef = 523C5DCD2A79788600CCB5B2 /* AsyncPhotoOfTheDaySequence.swift */; };
		523C5DD02A797B0B00CCB5B2 /* PicByDateView.swift in Sources */ = {isa = PBXBuildFile; fileRef = 523C5DCF2A797B0B00CCB5B2 /* PicByDateView.swift */; };
		523C5DD22A79829500CCB5B2 /* EndlessView.swift in Sources */ = {isa = PBXBuildFile; fileRef = 523C5DD12A79829500CCB5B2 /* EndlessView.swift */; };
/* End PBXBuildFile section */

/* Begin PBXContainerItemProxy section */
		523C5DC62A78256900CCB5B2 /* PBXContainerItemProxy */ = {
			isa = PBXContainerItemProxy;
			containerPortal = 523C5D932A7817E900CCB5B2 /* Project object */;
			proxyType = 1;
			remoteGlobalIDString = 523C5D9A2A7817E900CCB5B2;
			remoteInfo = SpaceTest;
		};
/* End PBXContainerItemProxy section */

/* Begin PBXFileReference section */
		523C5D9B2A7817E900CCB5B2 /* SpaceTest.app */ = {isa = PBXFileReference; explicitFileType = wrapper.application; includeInIndex = 0; path = SpaceTest.app; sourceTree = BUILT_PRODUCTS_DIR; };
		523C5D9E2A7817E900CCB5B2 /* SpaceTestApp.swift */ = {isa = PBXFileReference; lastKnownFileType = sourcecode.swift; path = SpaceTestApp.swift; sourceTree = "<group>"; };
		523C5DA02A7817E900CCB5B2 /* ContentView.swift */ = {isa = PBXFileReference; lastKnownFileType = sourcecode.swift; path = ContentView.swift; sourceTree = "<group>"; };
		523C5DA22A7817EA00CCB5B2 /* Assets.xcassets */ = {isa = PBXFileReference; lastKnownFileType = folder.assetcatalog; path = Assets.xcassets; sourceTree = "<group>"; };
		523C5DA52A7817EA00CCB5B2 /* Preview Assets.xcassets */ = {isa = PBXFileReference; lastKnownFileType = folder.assetcatalog; path = "Preview Assets.xcassets"; sourceTree = "<group>"; };
		523C5DAC2A78182000CCB5B2 /* SpacePhoto.swift */ = {isa = PBXFileReference; lastKnownFileType = sourcecode.swift; path = SpacePhoto.swift; sourceTree = "<group>"; };
		523C5DAF2A78189700CCB5B2 /* Photos.swift */ = {isa = PBXFileReference; lastKnownFileType = sourcecode.swift; path = Photos.swift; sourceTree = "<group>"; };
		523C5DB42A7818EB00CCB5B2 /* PhotoView.swift */ = {isa = PBXFileReference; lastKnownFileType = sourcecode.swift; path = PhotoView.swift; sourceTree = "<group>"; };
		523C5DB62A7819EB00CCB5B2 /* CatalogView.swift */ = {isa = PBXFileReference; lastKnownFileType = sourcecode.swift; path = CatalogView.swift; sourceTree = "<group>"; };
		523C5DB82A781D4200CCB5B2 /* AstronomyPicOfTheDay.plist */ = {isa = PBXFileReference; lastKnownFileType = text.plist.xml; path = AstronomyPicOfTheDay.plist; sourceTree = "<group>"; };
		523C5DBA2A781FD700CCB5B2 /* SpacePhotoFetcher.swift */ = {isa = PBXFileReference; lastKnownFileType = sourcecode.swift; path = SpacePhotoFetcher.swift; sourceTree = "<group>"; };
		523C5DBC2A7820DC00CCB5B2 /* AstronomyURL.swift */ = {isa = PBXFileReference; lastKnownFileType = sourcecode.swift; path = AstronomyURL.swift; sourceTree = "<group>"; };
		523C5DC22A78256900CCB5B2 /* SpaceTestTests.xctest */ = {isa = PBXFileReference; explicitFileType = wrapper.cfbundle; includeInIndex = 0; path = SpaceTestTests.xctest; sourceTree = BUILT_PRODUCTS_DIR; };
		523C5DC42A78256900CCB5B2 /* SpaceTestTests.swift */ = {isa = PBXFileReference; lastKnownFileType = sourcecode.swift; path = SpaceTestTests.swift; sourceTree = "<group>"; };
		523C5DCB2A782B3400CCB5B2 /* AstronomyPicOfTheDay.swift */ = {isa = PBXFileReference; lastKnownFileType = sourcecode.swift; path = AstronomyPicOfTheDay.swift; sourceTree = "<group>"; };
		523C5DCD2A79788600CCB5B2 /* AsyncPhotoOfTheDaySequence.swift */ = {isa = PBXFileReference; lastKnownFileType = sourcecode.swift; path = AsyncPhotoOfTheDaySequence.swift; sourceTree = "<group>"; };
		523C5DCF2A797B0B00CCB5B2 /* PicByDateView.swift */ = {isa = PBXFileReference; lastKnownFileType = sourcecode.swift; path = PicByDateView.swift; sourceTree = "<group>"; };
		523C5DD12A79829500CCB5B2 /* EndlessView.swift */ = {isa = PBXFileReference; lastKnownFileType = sourcecode.swift; path = EndlessView.swift; sourceTree = "<group>"; };
/* End PBXFileReference section */

/* Begin PBXFrameworksBuildPhase section */
		523C5D982A7817E900CCB5B2 /* Frameworks */ = {
			isa = PBXFrameworksBuildPhase;
			buildActionMask = 2147483647;
			files = (
			);
			runOnlyForDeploymentPostprocessing = 0;
		};
		523C5DBF2A78256900CCB5B2 /* Frameworks */ = {
			isa = PBXFrameworksBuildPhase;
			buildActionMask = 2147483647;
			files = (
			);
			runOnlyForDeploymentPostprocessing = 0;
		};
/* End PBXFrameworksBuildPhase section */

/* Begin PBXGroup section */
		523C5D922A7817E900CCB5B2 = {
			isa = PBXGroup;
			children = (
				523C5DB82A781D4200CCB5B2 /* AstronomyPicOfTheDay.plist */,
				523C5DBC2A7820DC00CCB5B2 /* AstronomyURL.swift */,
				523C5D9D2A7817E900CCB5B2 /* SpaceTest */,
				523C5DC32A78256900CCB5B2 /* SpaceTestTests */,
				523C5D9C2A7817E900CCB5B2 /* Products */,
			);
			sourceTree = "<group>";
		};
		523C5D9C2A7817E900CCB5B2 /* Products */ = {
			isa = PBXGroup;
			children = (
				523C5D9B2A7817E900CCB5B2 /* SpaceTest.app */,
				523C5DC22A78256900CCB5B2 /* SpaceTestTests.xctest */,
			);
			name = Products;
			sourceTree = "<group>";
		};
		523C5D9D2A7817E900CCB5B2 /* SpaceTest */ = {
			isa = PBXGroup;
			children = (
				523C5DB12A7818CF00CCB5B2 /* Views */,
				523C5DAE2A78188700CCB5B2 /* DataModels */,
				523C5D9E2A7817E900CCB5B2 /* SpaceTestApp.swift */,
				523C5DA02A7817E900CCB5B2 /* ContentView.swift */,
				523C5DA22A7817EA00CCB5B2 /* Assets.xcassets */,
				523C5DA42A7817EA00CCB5B2 /* Preview Content */,
				523C5DBA2A781FD700CCB5B2 /* SpacePhotoFetcher.swift */,
				523C5DCD2A79788600CCB5B2 /* AsyncPhotoOfTheDaySequence.swift */,
			);
			path = SpaceTest;
			sourceTree = "<group>";
		};
		523C5DA42A7817EA00CCB5B2 /* Preview Content */ = {
			isa = PBXGroup;
			children = (
				523C5DA52A7817EA00CCB5B2 /* Preview Assets.xcassets */,
			);
			path = "Preview Content";
			sourceTree = "<group>";
		};
		523C5DAE2A78188700CCB5B2 /* DataModels */ = {
			isa = PBXGroup;
			children = (
				523C5DAC2A78182000CCB5B2 /* SpacePhoto.swift */,
				523C5DAF2A78189700CCB5B2 /* Photos.swift */,
				523C5DCB2A782B3400CCB5B2 /* AstronomyPicOfTheDay.swift */,
			);
			path = DataModels;
			sourceTree = "<group>";
		};
		523C5DB12A7818CF00CCB5B2 /* Views */ = {
			isa = PBXGroup;
			children = (
				523C5DB42A7818EB00CCB5B2 /* PhotoView.swift */,
				523C5DB62A7819EB00CCB5B2 /* CatalogView.swift */,
				523C5DCF2A797B0B00CCB5B2 /* PicByDateView.swift */,
				523C5DD12A79829500CCB5B2 /* EndlessView.swift */,
			);
			path = Views;
			sourceTree = "<group>";
		};
		523C5DC32A78256900CCB5B2 /* SpaceTestTests */ = {
			isa = PBXGroup;
			children = (
				523C5DC42A78256900CCB5B2 /* SpaceTestTests.swift */,
			);
			path = SpaceTestTests;
			sourceTree = "<group>";
		};
/* End PBXGroup section */

/* Begin PBXNativeTarget section */
		523C5D9A2A7817E900CCB5B2 /* SpaceTest */ = {
			isa = PBXNativeTarget;
			buildConfigurationList = 523C5DA92A7817EA00CCB5B2 /* Build configuration list for PBXNativeTarget "SpaceTest" */;
			buildPhases = (
				523C5D972A7817E900CCB5B2 /* Sources */,
				523C5D982A7817E900CCB5B2 /* Frameworks */,
				523C5D992A7817E900CCB5B2 /* Resources */,
			);
			buildRules = (
			);
			dependencies = (
			);
			name = SpaceTest;
			productName = SpaceTest;
			productReference = 523C5D9B2A7817E900CCB5B2 /* SpaceTest.app */;
			productType = "com.apple.product-type.application";
		};
		523C5DC12A78256900CCB5B2 /* SpaceTestTests */ = {
			isa = PBXNativeTarget;
			buildConfigurationList = 523C5DC82A78256900CCB5B2 /* Build configuration list for PBXNativeTarget "SpaceTestTests" */;
			buildPhases = (
				523C5DBE2A78256900CCB5B2 /* Sources */,
				523C5DBF2A78256900CCB5B2 /* Frameworks */,
				523C5DC02A78256900CCB5B2 /* Resources */,
			);
			buildRules = (
			);
			dependencies = (
				523C5DC72A78256900CCB5B2 /* PBXTargetDependency */,
			);
			name = SpaceTestTests;
			productName = SpaceTestTests;
			productReference = 523C5DC22A78256900CCB5B2 /* SpaceTestTests.xctest */;
			productType = "com.apple.product-type.bundle.unit-test";
		};
/* End PBXNativeTarget section */

/* Begin PBXProject section */
		523C5D932A7817E900CCB5B2 /* Project object */ = {
			isa = PBXProject;
			attributes = {
				BuildIndependentTargetsInParallel = 1;
				LastSwiftUpdateCheck = 1430;
				LastUpgradeCheck = 1430;
				TargetAttributes = {
					523C5D9A2A7817E900CCB5B2 = {
						CreatedOnToolsVersion = 14.3.1;
					};
					523C5DC12A78256900CCB5B2 = {
						CreatedOnToolsVersion = 14.3.1;
						TestTargetID = 523C5D9A2A7817E900CCB5B2;
					};
				};
			};
			buildConfigurationList = 523C5D962A7817E900CCB5B2 /* Build configuration list for PBXProject "SpaceTest" */;
			compatibilityVersion = "Xcode 14.0";
			developmentRegion = en;
			hasScannedForEncodings = 0;
			knownRegions = (
				en,
				Base,
			);
			mainGroup = 523C5D922A7817E900CCB5B2;
			productRefGroup = 523C5D9C2A7817E900CCB5B2 /* Products */;
			projectDirPath = "";
			projectRoot = "";
			targets = (
				523C5D9A2A7817E900CCB5B2 /* SpaceTest */,
				523C5DC12A78256900CCB5B2 /* SpaceTestTests */,
			);
		};
/* End PBXProject section */

/* Begin PBXResourcesBuildPhase section */
		523C5D992A7817E900CCB5B2 /* Resources */ = {
			isa = PBXResourcesBuildPhase;
			buildActionMask = 2147483647;
			files = (
				523C5DA62A7817EA00CCB5B2 /* Preview Assets.xcassets in Resources */,
				523C5DA32A7817EA00CCB5B2 /* Assets.xcassets in Resources */,
				523C5DB92A781D4200CCB5B2 /* AstronomyPicOfTheDay.plist in Resources */,
			);
			runOnlyForDeploymentPostprocessing = 0;
		};
		523C5DC02A78256900CCB5B2 /* Resources */ = {
			isa = PBXResourcesBuildPhase;
			buildActionMask = 2147483647;
			files = (
			);
			runOnlyForDeploymentPostprocessing = 0;
		};
/* End PBXResourcesBuildPhase section */

/* Begin PBXSourcesBuildPhase section */
		523C5D972A7817E900CCB5B2 /* Sources */ = {
			isa = PBXSourcesBuildPhase;
			buildActionMask = 2147483647;
			files = (
				523C5DCE2A79788600CCB5B2 /* AsyncPhotoOfTheDaySequence.swift in Sources */,
				523C5DD22A79829500CCB5B2 /* EndlessView.swift in Sources */,
				523C5DB02A78189700CCB5B2 /* Photos.swift in Sources */,
				523C5DD02A797B0B00CCB5B2 /* PicByDateView.swift in Sources */,
				523C5DA12A7817E900CCB5B2 /* ContentView.swift in Sources */,
				523C5DAD2A78182000CCB5B2 /* SpacePhoto.swift in Sources */,
				523C5DBB2A781FD700CCB5B2 /* SpacePhotoFetcher.swift in Sources */,
				523C5DBD2A7820DC00CCB5B2 /* AstronomyURL.swift in Sources */,
				523C5DB52A7818EB00CCB5B2 /* PhotoView.swift in Sources */,
				523C5DCC2A782B3400CCB5B2 /* AstronomyPicOfTheDay.swift in Sources */,
				523C5DB72A7819EB00CCB5B2 /* CatalogView.swift in Sources */,
				523C5D9F2A7817E900CCB5B2 /* SpaceTestApp.swift in Sources */,
			);
			runOnlyForDeploymentPostprocessing = 0;
		};
		523C5DBE2A78256900CCB5B2 /* Sources */ = {
			isa = PBXSourcesBuildPhase;
			buildActionMask = 2147483647;
			files = (
				523C5DC52A78256900CCB5B2 /* SpaceTestTests.swift in Sources */,
			);
			runOnlyForDeploymentPostprocessing = 0;
		};
/* End PBXSourcesBuildPhase section */

/* Begin PBXTargetDependency section */
		523C5DC72A78256900CCB5B2 /* PBXTargetDependency */ = {
			isa = PBXTargetDependency;
			target = 523C5D9A2A7817E900CCB5B2 /* SpaceTest */;
			targetProxy = 523C5DC62A78256900CCB5B2 /* PBXContainerItemProxy */;
		};
/* End PBXTargetDependency section */

/* Begin XCBuildConfiguration section */
		523C5DA72A7817EA00CCB5B2 /* Debug */ = {
			isa = XCBuildConfiguration;
			buildSettings = {
				ALWAYS_SEARCH_USER_PATHS = NO;
				CLANG_ANALYZER_NONNULL = YES;
				CLANG_ANALYZER_NUMBER_OBJECT_CONVERSION = YES_AGGRESSIVE;
				CLANG_CXX_LANGUAGE_STANDARD = "gnu++20";
				CLANG_ENABLE_MODULES = YES;
				CLANG_ENABLE_OBJC_ARC = YES;
				CLANG_ENABLE_OBJC_WEAK = YES;
				CLANG_WARN_BLOCK_CAPTURE_AUTORELEASING = YES;
				CLANG_WARN_BOOL_CONVERSION = YES;
				CLANG_WARN_COMMA = YES;
				CLANG_WARN_CONSTANT_CONVERSION = YES;
				CLANG_WARN_DEPRECATED_OBJC_IMPLEMENTATIONS = YES;
				CLANG_WARN_DIRECT_OBJC_ISA_USAGE = YES_ERROR;
				CLANG_WARN_DOCUMENTATION_COMMENTS = YES;
				CLANG_WARN_EMPTY_BODY = YES;
				CLANG_WARN_ENUM_CONVERSION = YES;
				CLANG_WARN_INFINITE_RECURSION = YES;
				CLANG_WARN_INT_CONVERSION = YES;
				CLANG_WARN_NON_LITERAL_NULL_CONVERSION = YES;
				CLANG_WARN_OBJC_IMPLICIT_RETAIN_SELF = YES;
				CLANG_WARN_OBJC_LITERAL_CONVERSION = YES;
				CLANG_WARN_OBJC_ROOT_CLASS = YES_ERROR;
				CLANG_WARN_QUOTED_INCLUDE_IN_FRAMEWORK_HEADER = YES;
				CLANG_WARN_RANGE_LOOP_ANALYSIS = YES;
				CLANG_WARN_STRICT_PROTOTYPES = YES;
				CLANG_WARN_SUSPICIOUS_MOVE = YES;
				CLANG_WARN_UNGUARDED_AVAILABILITY = YES_AGGRESSIVE;
				CLANG_WARN_UNREACHABLE_CODE = YES;
				CLANG_WARN__DUPLICATE_METHOD_MATCH = YES;
				COPY_PHASE_STRIP = NO;
				DEBUG_INFORMATION_FORMAT = dwarf;
				ENABLE_STRICT_OBJC_MSGSEND = YES;
				ENABLE_TESTABILITY = YES;
				GCC_C_LANGUAGE_STANDARD = gnu11;
				GCC_DYNAMIC_NO_PIC = NO;
				GCC_NO_COMMON_BLOCKS = YES;
				GCC_OPTIMIZATION_LEVEL = 0;
				GCC_PREPROCESSOR_DEFINITIONS = (
					"DEBUG=1",
					"$(inherited)",
				);
				GCC_WARN_64_TO_32_BIT_CONVERSION = YES;
				GCC_WARN_ABOUT_RETURN_TYPE = YES_ERROR;
				GCC_WARN_UNDECLARED_SELECTOR = YES;
				GCC_WARN_UNINITIALIZED_AUTOS = YES_AGGRESSIVE;
				GCC_WARN_UNUSED_FUNCTION = YES;
				GCC_WARN_UNUSED_VARIABLE = YES;
				IPHONEOS_DEPLOYMENT_TARGET = 16.4;
				MTL_ENABLE_DEBUG_INFO = INCLUDE_SOURCE;
				MTL_FAST_MATH = YES;
				ONLY_ACTIVE_ARCH = YES;
				SDKROOT = iphoneos;
				SWIFT_ACTIVE_COMPILATION_CONDITIONS = DEBUG;
				SWIFT_OPTIMIZATION_LEVEL = "-Onone";
			};
			name = Debug;
		};
		523C5DA82A7817EA00CCB5B2 /* Release */ = {
			isa = XCBuildConfiguration;
			buildSettings = {
				ALWAYS_SEARCH_USER_PATHS = NO;
				CLANG_ANALYZER_NONNULL = YES;
				CLANG_ANALYZER_NUMBER_OBJECT_CONVERSION = YES_AGGRESSIVE;
				CLANG_CXX_LANGUAGE_STANDARD = "gnu++20";
				CLANG_ENABLE_MODULES = YES;
				CLANG_ENABLE_OBJC_ARC = YES;
				CLANG_ENABLE_OBJC_WEAK = YES;
				CLANG_WARN_BLOCK_CAPTURE_AUTORELEASING = YES;
				CLANG_WARN_BOOL_CONVERSION = YES;
				CLANG_WARN_COMMA = YES;
				CLANG_WARN_CONSTANT_CONVERSION = YES;
				CLANG_WARN_DEPRECATED_OBJC_IMPLEMENTATIONS = YES;
				CLANG_WARN_DIRECT_OBJC_ISA_USAGE = YES_ERROR;
				CLANG_WARN_DOCUMENTATION_COMMENTS = YES;
				CLANG_WARN_EMPTY_BODY = YES;
				CLANG_WARN_ENUM_CONVERSION = YES;
				CLANG_WARN_INFINITE_RECURSION = YES;
				CLANG_WARN_INT_CONVERSION = YES;
				CLANG_WARN_NON_LITERAL_NULL_CONVERSION = YES;
				CLANG_WARN_OBJC_IMPLICIT_RETAIN_SELF = YES;
				CLANG_WARN_OBJC_LITERAL_CONVERSION = YES;
				CLANG_WARN_OBJC_ROOT_CLASS = YES_ERROR;
				CLANG_WARN_QUOTED_INCLUDE_IN_FRAMEWORK_HEADER = YES;
				CLANG_WARN_RANGE_LOOP_ANALYSIS = YES;
				CLANG_WARN_STRICT_PROTOTYPES = YES;
				CLANG_WARN_SUSPICIOUS_MOVE = YES;
				CLANG_WARN_UNGUARDED_AVAILABILITY = YES_AGGRESSIVE;
				CLANG_WARN_UNREACHABLE_CODE = YES;
				CLANG_WARN__DUPLICATE_METHOD_MATCH = YES;
				COPY_PHASE_STRIP = NO;
				DEBUG_INFORMATION_FORMAT = "dwarf-with-dsym";
				ENABLE_NS_ASSERTIONS = NO;
				ENABLE_STRICT_OBJC_MSGSEND = YES;
				GCC_C_LANGUAGE_STANDARD = gnu11;
				GCC_NO_COMMON_BLOCKS = YES;
				GCC_WARN_64_TO_32_BIT_CONVERSION = YES;
				GCC_WARN_ABOUT_RETURN_TYPE = YES_ERROR;
				GCC_WARN_UNDECLARED_SELECTOR = YES;
				GCC_WARN_UNINITIALIZED_AUTOS = YES_AGGRESSIVE;
				GCC_WARN_UNUSED_FUNCTION = YES;
				GCC_WARN_UNUSED_VARIABLE = YES;
				IPHONEOS_DEPLOYMENT_TARGET = 16.4;
				MTL_ENABLE_DEBUG_INFO = NO;
				MTL_FAST_MATH = YES;
				SDKROOT = iphoneos;
				SWIFT_COMPILATION_MODE = wholemodule;
				SWIFT_OPTIMIZATION_LEVEL = "-O";
				VALIDATE_PRODUCT = YES;
			};
			name = Release;
		};
		523C5DAA2A7817EA00CCB5B2 /* Debug */ = {
			isa = XCBuildConfiguration;
			buildSettings = {
				ASSETCATALOG_COMPILER_APPICON_NAME = AppIcon;
				ASSETCATALOG_COMPILER_GLOBAL_ACCENT_COLOR_NAME = AccentColor;
				CODE_SIGN_STYLE = Automatic;
				CURRENT_PROJECT_VERSION = 1;
				DEVELOPMENT_ASSET_PATHS = "\"SpaceTest/Preview Content\"";
				DEVELOPMENT_TEAM = 363P6K3ZSX;
				ENABLE_PREVIEWS = YES;
				GENERATE_INFOPLIST_FILE = YES;
				INFOPLIST_KEY_UIApplicationSceneManifest_Generation = YES;
				INFOPLIST_KEY_UIApplicationSupportsIndirectInputEvents = YES;
				INFOPLIST_KEY_UILaunchScreen_Generation = YES;
				INFOPLIST_KEY_UISupportedInterfaceOrientations_iPad = "UIInterfaceOrientationPortrait UIInterfaceOrientationPortraitUpsideDown UIInterfaceOrientationLandscapeLeft UIInterfaceOrientationLandscapeRight";
				INFOPLIST_KEY_UISupportedInterfaceOrientations_iPhone = "UIInterfaceOrientationPortrait UIInterfaceOrientationLandscapeLeft UIInterfaceOrientationLandscapeRight";
				LD_RUNPATH_SEARCH_PATHS = (
					"$(inherited)",
					"@executable_path/Frameworks",
				);
				MARKETING_VERSION = 1.0;
				PRODUCT_BUNDLE_IDENTIFIER = com.PickledGames.SpaceTest;
				PRODUCT_NAME = "$(TARGET_NAME)";
				SWIFT_EMIT_LOC_STRINGS = YES;
				SWIFT_VERSION = 5.0;
				TARGETED_DEVICE_FAMILY = "1,2";
			};
			name = Debug;
		};
		523C5DAB2A7817EA00CCB5B2 /* Release */ = {
			isa = XCBuildConfiguration;
			buildSettings = {
				ASSETCATALOG_COMPILER_APPICON_NAME = AppIcon;
				ASSETCATALOG_COMPILER_GLOBAL_ACCENT_COLOR_NAME = AccentColor;
				CODE_SIGN_STYLE = Automatic;
				CURRENT_PROJECT_VERSION = 1;
				DEVELOPMENT_ASSET_PATHS = "\"SpaceTest/Preview Content\"";
				DEVELOPMENT_TEAM = 363P6K3ZSX;
				ENABLE_PREVIEWS = YES;
				GENERATE_INFOPLIST_FILE = YES;
				INFOPLIST_KEY_UIApplicationSceneManifest_Generation = YES;
				INFOPLIST_KEY_UIApplicationSupportsIndirectInputEvents = YES;
				INFOPLIST_KEY_UILaunchScreen_Generation = YES;
				INFOPLIST_KEY_UISupportedInterfaceOrientations_iPad = "UIInterfaceOrientationPortrait UIInterfaceOrientationPortraitUpsideDown UIInterfaceOrientationLandscapeLeft UIInterfaceOrientationLandscapeRight";
				INFOPLIST_KEY_UISupportedInterfaceOrientations_iPhone = "UIInterfaceOrientationPortrait UIInterfaceOrientationLandscapeLeft UIInterfaceOrientationLandscapeRight";
				LD_RUNPATH_SEARCH_PATHS = (
					"$(inherited)",
					"@executable_path/Frameworks",
				);
				MARKETING_VERSION = 1.0;
				PRODUCT_BUNDLE_IDENTIFIER = com.PickledGames.SpaceTest;
				PRODUCT_NAME = "$(TARGET_NAME)";
				SWIFT_EMIT_LOC_STRINGS = YES;
				SWIFT_VERSION = 5.0;
				TARGETED_DEVICE_FAMILY = "1,2";
			};
			name = Release;
		};
		523C5DC92A78256900CCB5B2 /* Debug */ = {
			isa = XCBuildConfiguration;
			buildSettings = {
				BUNDLE_LOADER = "$(TEST_HOST)";
				CODE_SIGN_STYLE = Automatic;
				CURRENT_PROJECT_VERSION = 1;
				DEVELOPMENT_TEAM = 363P6K3ZSX;
				GENERATE_INFOPLIST_FILE = YES;
				IPHONEOS_DEPLOYMENT_TARGET = 16.4;
				MACOSX_DEPLOYMENT_TARGET = 13.3;
				MARKETING_VERSION = 1.0;
				PRODUCT_BUNDLE_IDENTIFIER = com.PickledGames.SpaceTestTests;
				PRODUCT_NAME = "$(TARGET_NAME)";
				SDKROOT = auto;
				SUPPORTED_PLATFORMS = "iphoneos iphonesimulator macosx";
				SWIFT_EMIT_LOC_STRINGS = NO;
				SWIFT_VERSION = 5.0;
				TARGETED_DEVICE_FAMILY = "1,2";
				TEST_HOST = "$(BUILT_PRODUCTS_DIR)/SpaceTest.app/$(BUNDLE_EXECUTABLE_FOLDER_PATH)/SpaceTest";
			};
			name = Debug;
		};
		523C5DCA2A78256900CCB5B2 /* Release */ = {
			isa = XCBuildConfiguration;
			buildSettings = {
				BUNDLE_LOADER = "$(TEST_HOST)";
				CODE_SIGN_STYLE = Automatic;
				CURRENT_PROJECT_VERSION = 1;
				DEVELOPMENT_TEAM = 363P6K3ZSX;
				GENERATE_INFOPLIST_FILE = YES;
				IPHONEOS_DEPLOYMENT_TARGET = 16.4;
				MACOSX_DEPLOYMENT_TARGET = 13.3;
				MARKETING_VERSION = 1.0;
				PRODUCT_BUNDLE_IDENTIFIER = com.PickledGames.SpaceTestTests;
				PRODUCT_NAME = "$(TARGET_NAME)";
				SDKROOT = auto;
				SUPPORTED_PLATFORMS = "iphoneos iphonesimulator macosx";
				SWIFT_EMIT_LOC_STRINGS = NO;
				SWIFT_VERSION = 5.0;
				TARGETED_DEVICE_FAMILY = "1,2";
				TEST_HOST = "$(BUILT_PRODUCTS_DIR)/SpaceTest.app/$(BUNDLE_EXECUTABLE_FOLDER_PATH)/SpaceTest";
			};
			name = Release;
		};
/* End XCBuildConfiguration section */

/* Begin XCConfigurationList section */
		523C5D962A7817E900CCB5B2 /* Build configuration list for PBXProject "SpaceTest" */ = {
			isa = XCConfigurationList;
			buildConfigurations = (
				523C5DA72A7817EA00CCB5B2 /* Debug */,
				523C5DA82A7817EA00CCB5B2 /* Release */,
			);
			defaultConfigurationIsVisible = 0;
			defaultConfigurationName = Release;
		};
		523C5DA92A7817EA00CCB5B2 /* Build configuration list for PBXNativeTarget "SpaceTest" */ = {
			isa = XCConfigurationList;
			buildConfigurations = (
				523C5DAA2A7817EA00CCB5B2 /* Debug */,
				523C5DAB2A7817EA00CCB5B2 /* Release */,
			);
			defaultConfigurationIsVisible = 0;
			defaultConfigurationName = Release;
		};
		523C5DC82A78256900CCB5B2 /* Build configuration list for PBXNativeTarget "SpaceTestTests" */ = {
			isa = XCConfigurationList;
			buildConfigurations = (
				523C5DC92A78256900CCB5B2 /* Debug */,
				523C5DCA2A78256900CCB5B2 /* Release */,
			);
			defaultConfigurationIsVisible = 0;
			defaultConfigurationName = Release;
		};
/* End XCConfigurationList section */
	};
	rootObject = 523C5D932A7817E900CCB5B2 /* Project object */;
}
